{
  "nodes": {
    "nixpkgs": {
      "info": {
        "lastModified": 1587447837,
        "narHash": "sha256-1IpdkvzYuEma8FB66+ddmoLAv/BLrXC3vb2prwfVAOI="
      },
      "locked": {
        "owner": "NixOS",
        "repo": "nixpkgs",
        "rev": "e79d1e83f91b6c7a92f899b0a356ea6d770fb426",
        "type": "github"
      },
      "original": {
        "id": "nixpkgs",
        "ref": "nixos-20.03-small",
        "type": "indirect"
      }
    },
    "root": {
      "inputs": {
        "nixpkgs": "nixpkgs"
      }
    }
  },
  "root": "root",
  "version": 5
}
